
Microsoft Visual Studio Solution File, Format Version 12.00
# Visual Studio Version 16
VisualStudioVersion = 16.0.31205.134
MinimumVisualStudioVersion = 10.0.40219.1
Project("{9A19103F-16F7-4668-BE54-9A1E7A4F7556}") = "FoxSky.TeachApp.Console", "FoxSky.TeachApp.Console\FoxSky.TeachApp.Console.csproj", "{F2D1F352-4E4E-4124-AA81-12B68AB80DA5}"
EndProject
Project("{9A19103F-16F7-4668-BE54-9A1E7A4F7556}") = "FoxSky.TeachApp.BO", "FoxSky.TeachApp.BO\FoxSky.TeachApp.BO.csproj", "{05C0CA8B-34BD-4F6D-99BA-D4A9B6BAEEA0}"
EndProject
Project("{9A19103F-16F7-4668-BE54-9A1E7A4F7556}") = "FoxSky.TeachApp.Service", "FoxSky.TeachApp.Server\FoxSky.TeachApp.Service.csproj", "{7309D096-BDBD-4989-943C-CD8305DE7FA2}"
EndProject
Project("{9A19103F-16F7-4668-BE54-9A1E7A4F7556}") = "FoxSky.TeachApp.BO.Test", "FoxSky.TeachApp.BO.Test\FoxSky.TeachApp.BO.Test.csproj", "{B80E273D-C2DC-4723-A54B-462164657E0A}"
EndProject
Project("{9A19103F-16F7-4668-BE54-9A1E7A4F7556}") = "FoxSky.TeachApp.Common", "FoxSky.TeachApp.Common\FoxSky.TeachApp.Common.csproj", "{26F1A992-B6C5-4E8F-A7B1-4F9455B2A03C}"
EndProject
Project("{9A19103F-16F7-4668-BE54-9A1E7A4F7556}") = "FoxSky.TeachApp.Service.Test", "FoxSky.TeachApp.Service.Test\FoxSky.TeachApp.Service.Test.csproj", "{98FCA6F5-F377-4B5D-BE1B-ABDA06B5D02D}"
EndProject
Project("{FAE04EC0-301F-11D3-BF4B-00C04F79EFBC}") = "FoxSky.TeachApp.WebApi", "FoxSky.TeachApp.WebApi\FoxSky.TeachApp.WebApi.csproj", "{CD6A6C44-48AC-4FDC-9EC1-A6CBE8556CAB}"
	ProjectSection(ProjectDependencies) = postProject
		{7309D096-BDBD-4989-943C-CD8305DE7FA2} = {7309D096-BDBD-4989-943C-CD8305DE7FA2}
	EndProjectSection
EndProject
Project("{2150E333-8FDC-42A3-9474-1A3956D46DE8}") = "Tools", "Tools", "{F1F32226-E52D-4ECE-9CD8-64F45DDAB34F}"
EndProject
Global
	GlobalSection(SolutionConfigurationPlatforms) = preSolution
		Debug|Any CPU = Debug|Any CPU
		Release|Any CPU = Release|Any CPU
	EndGlobalSection
	GlobalSection(ProjectConfigurationPlatforms) = postSolution
		{F2D1F352-4E4E-4124-AA81-12B68AB80DA5}.Debug|Any CPU.ActiveCfg = Debug|Any CPU
		{F2D1F352-4E4E-4124-AA81-12B68AB80DA5}.Debug|Any CPU.Build.0 = Debug|Any CPU
		{F2D1F352-4E4E-4124-AA81-12B68AB80DA5}.Release|Any CPU.ActiveCfg = Release|Any CPU
		{F2D1F352-4E4E-4124-AA81-12B68AB80DA5}.Release|Any CPU.Build.0 = Release|Any CPU
		{05C0CA8B-34BD-4F6D-99BA-D4A9B6BAEEA0}.Debug|Any CPU.ActiveCfg = Debug|Any CPU
		{05C0CA8B-34BD-4F6D-99BA-D4A9B6BAEEA0}.Debug|Any CPU.Build.0 = Debug|Any CPU
		{05C0CA8B-34BD-4F6D-99BA-D4A9B6BAEEA0}.Release|Any CPU.ActiveCfg = Release|Any CPU
		{05C0CA8B-34BD-4F6D-99BA-D4A9B6BAEEA0}.Release|Any CPU.Build.0 = Release|Any CPU
		{7309D096-BDBD-4989-943C-CD8305DE7FA2}.Debug|Any CPU.ActiveCfg = Debug|Any CPU
		{7309D096-BDBD-4989-943C-CD8305DE7FA2}.Debug|Any CPU.Build.0 = Debug|Any CPU
		{7309D096-BDBD-4989-943C-CD8305DE7FA2}.Release|Any CPU.ActiveCfg = Release|Any CPU
		{7309D096-BDBD-4989-943C-CD8305DE7FA2}.Release|Any CPU.Build.0 = Release|Any CPU
		{B80E273D-C2DC-4723-A54B-462164657E0A}.Debug|Any CPU.ActiveCfg = Debug|Any CPU
		{B80E273D-C2DC-4723-A54B-462164657E0A}.Debug|Any CPU.Build.0 = Debug|Any CPU
		{B80E273D-C2DC-4723-A54B-462164657E0A}.Release|Any CPU.ActiveCfg = Release|Any CPU
		{B80E273D-C2DC-4723-A54B-462164657E0A}.Release|Any CPU.Build.0 = Release|Any CPU
		{26F1A992-B6C5-4E8F-A7B1-4F9455B2A03C}.Debug|Any CPU.ActiveCfg = Debug|Any CPU
		{26F1A992-B6C5-4E8F-A7B1-4F9455B2A03C}.Debug|Any CPU.Build.0 = Debug|Any CPU
		{26F1A992-B6C5-4E8F-A7B1-4F9455B2A03C}.Release|Any CPU.ActiveCfg = Release|Any CPU
		{26F1A992-B6C5-4E8F-A7B1-4F9455B2A03C}.Release|Any CPU.Build.0 = Release|Any CPU
		{98FCA6F5-F377-4B5D-BE1B-ABDA06B5D02D}.Debug|Any CPU.ActiveCfg = Debug|Any CPU
		{98FCA6F5-F377-4B5D-BE1B-ABDA06B5D02D}.Debug|Any CPU.Build.0 = Debug|Any CPU
		{98FCA6F5-F377-4B5D-BE1B-ABDA06B5D02D}.Release|Any CPU.ActiveCfg = Release|Any CPU
		{98FCA6F5-F377-4B5D-BE1B-ABDA06B5D02D}.Release|Any CPU.Build.0 = Release|Any CPU
		{CD6A6C44-48AC-4FDC-9EC1-A6CBE8556CAB}.Debug|Any CPU.ActiveCfg = Debug|Any CPU
		{CD6A6C44-48AC-4FDC-9EC1-A6CBE8556CAB}.Debug|Any CPU.Build.0 = Debug|Any CPU
		{CD6A6C44-48AC-4FDC-9EC1-A6CBE8556CAB}.Release|Any CPU.ActiveCfg = Release|Any CPU
		{CD6A6C44-48AC-4FDC-9EC1-A6CBE8556CAB}.Release|Any CPU.Build.0 = Release|Any CPU
	EndGlobalSection
	GlobalSection(SolutionProperties) = preSolution
		HideSolutionNode = FALSE
	EndGlobalSection
	GlobalSection(ExtensibilityGlobals) = postSolution
		SolutionGuid = {A3CB7C96-4939-4738-B334-5C15BA923C93}
	EndGlobalSection
EndGlobal
